<?xml version="1.0" encoding="utf-8"?>
<Project ToolsVersion="4.0" xmlns="http://schemas.microsoft.com/developer/msbuild/2003">
  <ItemGroup>
    <ClCompile Include="Application.cpp" />
    <ClCompile Include="Main.cpp" />
    <ClCompile Include="Mesh.cpp" />
    <ClCompile Include="GameObject.cpp" />
    <ClCompile Include="ModuleIMGUI.cpp">
      <Filter>Modules</Filter>
    </ClCompile>
    <ClCompile Include="ModuleInput.cpp">
      <Filter>Modules</Filter>
    </ClCompile>
    <ClCompile Include="ModuleModelLoader.cpp">
      <Filter>Modules</Filter>
    </ClCompile>
    <ClCompile Include="ModuleProgram.cpp">
      <Filter>Modules</Filter>
    </ClCompile>
    <ClCompile Include="ModuleRender.cpp">
      <Filter>Modules</Filter>
    </ClCompile>
    <ClCompile Include="ModuleScene.cpp">
      <Filter>Modules</Filter>
    </ClCompile>
    <ClCompile Include="ModuleTexture.cpp">
      <Filter>Modules</Filter>
    </ClCompile>
    <ClCompile Include="ModuleTimeManager.cpp">
      <Filter>Modules</Filter>
    </ClCompile>
    <ClCompile Include="ModuleWindow.cpp">
      <Filter>Modules</Filter>
    </ClCompile>
    <ClCompile Include="ComponentMaterial.cpp">
      <Filter>Components</Filter>
    </ClCompile>
    <ClCompile Include="ComponentMesh.cpp">
      <Filter>Components</Filter>
    </ClCompile>
    <ClCompile Include="ComponentTransform.cpp">
      <Filter>Components</Filter>
    </ClCompile>
    <ClCompile Include="GUIAbout.cpp">
      <Filter>UI</Filter>
    </ClCompile>
    <ClCompile Include="GUICamera.cpp">
      <Filter>UI</Filter>
    </ClCompile>
    <ClCompile Include="GUIConsole.cpp">
      <Filter>UI</Filter>
    </ClCompile>
    <ClCompile Include="GUIInspector.cpp">
      <Filter>UI</Filter>
    </ClCompile>
    <ClCompile Include="GUITime.cpp">
      <Filter>UI</Filter>
    </ClCompile>
    <ClCompile Include="GUIWindow.cpp">
      <Filter>UI</Filter>
    </ClCompile>
    <ClCompile Include="Timer.cpp">
      <Filter>Utils</Filter>
    </ClCompile>
    <ClCompile Include="uSTimer.cpp">
      <Filter>Utils</Filter>
    </ClCompile>
    <ClCompile Include="log.cpp">
      <Filter>Utils</Filter>
    </ClCompile>
    <ClCompile Include="ComponentCamera.cpp">
      <Filter>Components</Filter>
    </ClCompile>
    <ClCompile Include="MyQuadTree.cpp" />
    <ClCompile Include="ModuleCamera.cpp">
      <Filter>Modules</Filter>
    </ClCompile>
    <ClCompile Include="ModuleDebugDraw.cpp">
      <Filter>Modules</Filter>
    </ClCompile>
    <ClCompile Include="AABBTree.cpp" />
    <ClCompile Include="UUIDGenerator.cpp" />
    <ClCompile Include="Skybox.cpp" />
    <ClCompile Include="Dependencies\Include\MathGeoLib\Time\Clock.cpp">
      <Filter>Libraries\MathGeoLib</Filter>
    </ClCompile>
    <ClCompile Include="Dependencies\Include\MathGeoLib\Math\BitOps.cpp">
      <Filter>Libraries\MathGeoLib</Filter>
    </ClCompile>
    <ClCompile Include="Dependencies\Include\MathGeoLib\Math\float2.cpp">
      <Filter>Libraries\MathGeoLib</Filter>
    </ClCompile>
    <ClCompile Include="Dependencies\Include\MathGeoLib\Math\float3.cpp">
      <Filter>Libraries\MathGeoLib</Filter>
    </ClCompile>
    <ClCompile Include="Dependencies\Include\MathGeoLib\Math\float3x3.cpp">
      <Filter>Libraries\MathGeoLib</Filter>
    </ClCompile>
    <ClCompile Include="Dependencies\Include\MathGeoLib\Math\float3x4.cpp">
      <Filter>Libraries\MathGeoLib</Filter>
    </ClCompile>
    <ClCompile Include="Dependencies\Include\MathGeoLib\Math\float4.cpp">
      <Filter>Libraries\MathGeoLib</Filter>
    </ClCompile>
    <ClCompile Include="Dependencies\Include\MathGeoLib\Math\float4x4.cpp">
      <Filter>Libraries\MathGeoLib</Filter>
    </ClCompile>
    <ClCompile Include="Dependencies\Include\MathGeoLib\Math\MathFunc.cpp">
      <Filter>Libraries\MathGeoLib</Filter>
    </ClCompile>
    <ClCompile Include="Dependencies\Include\MathGeoLib\Math\MathLog.cpp">
      <Filter>Libraries\MathGeoLib</Filter>
    </ClCompile>
    <ClCompile Include="Dependencies\Include\MathGeoLib\Math\MathOps.cpp">
      <Filter>Libraries\MathGeoLib</Filter>
    </ClCompile>
    <ClCompile Include="Dependencies\Include\MathGeoLib\Math\Polynomial.cpp">
      <Filter>Libraries\MathGeoLib</Filter>
    </ClCompile>
    <ClCompile Include="Dependencies\Include\MathGeoLib\Math\Quat.cpp">
      <Filter>Libraries\MathGeoLib</Filter>
    </ClCompile>
    <ClCompile Include="Dependencies\Include\MathGeoLib\Math\SSEMath.cpp">
      <Filter>Libraries\MathGeoLib</Filter>
    </ClCompile>
    <ClCompile Include="Dependencies\Include\MathGeoLib\Math\TransformOps.cpp">
      <Filter>Libraries\MathGeoLib</Filter>
    </ClCompile>
    <ClCompile Include="Dependencies\Include\MathGeoLib\Geometry\AABB.cpp">
      <Filter>Libraries\MathGeoLib</Filter>
    </ClCompile>
    <ClCompile Include="Dependencies\Include\MathGeoLib\Geometry\Capsule.cpp">
      <Filter>Libraries\MathGeoLib</Filter>
    </ClCompile>
    <ClCompile Include="Dependencies\Include\MathGeoLib\Geometry\Circle.cpp">
      <Filter>Libraries\MathGeoLib</Filter>
    </ClCompile>
    <ClCompile Include="Dependencies\Include\MathGeoLib\Geometry\Cone.cpp">
      <Filter>Libraries\MathGeoLib</Filter>
    </ClCompile>
    <ClCompile Include="Dependencies\Include\MathGeoLib\Geometry\Cylinder.cpp">
      <Filter>Libraries\MathGeoLib</Filter>
    </ClCompile>
    <ClCompile Include="Dependencies\Include\MathGeoLib\Geometry\Frustum.cpp">
      <Filter>Libraries\MathGeoLib</Filter>
    </ClCompile>
    <ClCompile Include="Dependencies\Include\MathGeoLib\Geometry\Line.cpp">
      <Filter>Libraries\MathGeoLib</Filter>
    </ClCompile>
    <ClCompile Include="Dependencies\Include\MathGeoLib\Geometry\LineSegment.cpp">
      <Filter>Libraries\MathGeoLib</Filter>
    </ClCompile>
    <ClCompile Include="Dependencies\Include\MathGeoLib\Geometry\OBB.cpp">
      <Filter>Libraries\MathGeoLib</Filter>
    </ClCompile>
    <ClCompile Include="Dependencies\Include\MathGeoLib\Geometry\Plane.cpp">
      <Filter>Libraries\MathGeoLib</Filter>
    </ClCompile>
    <ClCompile Include="Dependencies\Include\MathGeoLib\Geometry\Polygon.cpp">
      <Filter>Libraries\MathGeoLib</Filter>
    </ClCompile>
    <ClCompile Include="Dependencies\Include\MathGeoLib\Geometry\Polyhedron.cpp">
      <Filter>Libraries\MathGeoLib</Filter>
    </ClCompile>
    <ClCompile Include="Dependencies\Include\MathGeoLib\Geometry\Ray.cpp">
      <Filter>Libraries\MathGeoLib</Filter>
    </ClCompile>
    <ClCompile Include="Dependencies\Include\MathGeoLib\Geometry\Sphere.cpp">
      <Filter>Libraries\MathGeoLib</Filter>
    </ClCompile>
    <ClCompile Include="Dependencies\Include\MathGeoLib\Geometry\Triangle.cpp">
      <Filter>Libraries\MathGeoLib</Filter>
    </ClCompile>
    <ClCompile Include="Dependencies\Include\MathGeoLib\Geometry\TriangleMesh.cpp">
      <Filter>Libraries\MathGeoLib</Filter>
    </ClCompile>
    <ClCompile Include="Dependencies\Include\MathGeoLib\Algorithm\Random\LCG.cpp">
      <Filter>Libraries\MathGeoLib</Filter>
    </ClCompile>
    <ClCompile Include="Dependencies\Include\Imgui\imgui.cpp">
      <Filter>Libraries\IMGUI</Filter>
    </ClCompile>
    <ClCompile Include="Dependencies\Include\Imgui\imgui_demo.cpp">
      <Filter>Libraries\IMGUI</Filter>
    </ClCompile>
    <ClCompile Include="Dependencies\Include\Imgui\imgui_draw.cpp">
      <Filter>Libraries\IMGUI</Filter>
    </ClCompile>
    <ClCompile Include="Dependencies\Include\Imgui\imgui_impl_opengl3.cpp">
      <Filter>Libraries\IMGUI</Filter>
    </ClCompile>
    <ClCompile Include="Dependencies\Include\Imgui\imgui_impl_sdl.cpp">
      <Filter>Libraries\IMGUI</Filter>
    </ClCompile>
    <ClCompile Include="Dependencies\Include\Imgui\imgui_widgets.cpp">
      <Filter>Libraries\IMGUI</Filter>
    </ClCompile>
    <ClCompile Include="Dependencies\Include\PCG\pcg_basic.c">
      <Filter>Libraries\PCG</Filter>
    </ClCompile>
    <ClCompile Include="SceneLoader.cpp">
      <Filter>Utils</Filter>
    </ClCompile>
    <ClCompile Include="ModuleFilesystem.cpp">
      <Filter>Modules</Filter>
    </ClCompile>
    <ClCompile Include="MaterialImporter.cpp">
      <Filter>Importers</Filter>
    </ClCompile>
    <ClCompile Include="ModelImporter.cpp">
      <Filter>Importers</Filter>
    </ClCompile>
    <ClCompile Include="MeshImporter.cpp">
      <Filter>Importers</Filter>
    </ClCompile>
    <ClCompile Include="SceneImporter.cpp">
      <Filter>Importers</Filter>
    </ClCompile>
    <ClCompile Include="Dependencies\Include\ImGuizmo\ImCurveEdit.cpp">
      <Filter>Libraries\ImGuizmo</Filter>
    </ClCompile>
    <ClCompile Include="Dependencies\Include\ImGuizmo\ImGradient.cpp">
      <Filter>Libraries\ImGuizmo</Filter>
    </ClCompile>
    <ClCompile Include="Dependencies\Include\ImGuizmo\ImGuizmo.cpp">
      <Filter>Libraries\ImGuizmo</Filter>
    </ClCompile>
    <ClCompile Include="Dependencies\Include\ImGuizmo\ImSequencer.cpp">
      <Filter>Libraries\ImGuizmo</Filter>
    </ClCompile>
    <ClCompile Include="ComponentLight.cpp">
      <Filter>Components</Filter>
    </ClCompile>
    <ClCompile Include="Dependencies\Include\Imgui\imgui_stdlib.cpp">
      <Filter>Libraries\IMGUI</Filter>
    </ClCompile>
  </ItemGroup>
  <ItemGroup>
    <ClInclude Include="Application.h" />
    <ClInclude Include="Mesh.h" />
    <ClInclude Include="GameObject.h" />
    <ClInclude Include="Module.h">
      <Filter>Modules</Filter>
    </ClInclude>
    <ClInclude Include="ModuleCamera.h">
      <Filter>Modules</Filter>
    </ClInclude>
    <ClInclude Include="ModuleIMGUI.h">
      <Filter>Modules</Filter>
    </ClInclude>
    <ClInclude Include="ModuleInput.h">
      <Filter>Modules</Filter>
    </ClInclude>
    <ClInclude Include="ModuleModelLoader.h">
      <Filter>Modules</Filter>
    </ClInclude>
    <ClInclude Include="ModuleProgram.h">
      <Filter>Modules</Filter>
    </ClInclude>
    <ClInclude Include="ModuleRender.h">
      <Filter>Modules</Filter>
    </ClInclude>
    <ClInclude Include="ModuleScene.h">
      <Filter>Modules</Filter>
    </ClInclude>
    <ClInclude Include="ModuleTexture.h">
      <Filter>Modules</Filter>
    </ClInclude>
    <ClInclude Include="ModuleTimeManager.h">
      <Filter>Modules</Filter>
    </ClInclude>
    <ClInclude Include="ModuleWindow.h">
      <Filter>Modules</Filter>
    </ClInclude>
    <ClInclude Include="ComponentMesh.h">
      <Filter>Components</Filter>
    </ClInclude>
    <ClInclude Include="Component.h">
      <Filter>Components</Filter>
    </ClInclude>
    <ClInclude Include="ComponentMaterial.h">
      <Filter>Components</Filter>
    </ClInclude>
    <ClInclude Include="ComponentTransform.h">
      <Filter>Components</Filter>
    </ClInclude>
    <ClInclude Include="GUIWindow.h">
      <Filter>UI</Filter>
    </ClInclude>
    <ClInclude Include="GUI.h">
      <Filter>UI</Filter>
    </ClInclude>
    <ClInclude Include="GUIAbout.h">
      <Filter>UI</Filter>
    </ClInclude>
    <ClInclude Include="GUICamera.h">
      <Filter>UI</Filter>
    </ClInclude>
    <ClInclude Include="GUIConsole.h">
      <Filter>UI</Filter>
    </ClInclude>
    <ClInclude Include="GUIInspector.h">
      <Filter>UI</Filter>
    </ClInclude>
    <ClInclude Include="GUITime.h">
      <Filter>UI</Filter>
    </ClInclude>
    <ClInclude Include="uSTimer.h">
      <Filter>Utils</Filter>
    </ClInclude>
    <ClInclude Include="Point.h">
      <Filter>Utils</Filter>
    </ClInclude>
    <ClInclude Include="Timer.h">
      <Filter>Utils</Filter>
    </ClInclude>
    <ClInclude Include="ComponentCamera.h">
      <Filter>Components</Filter>
    </ClInclude>
    <ClInclude Include="myStream.h" />
    <ClInclude Include="MyQuadTree.h" />
    <ClInclude Include="ModuleDebugDraw.h">
      <Filter>Modules</Filter>
    </ClInclude>
    <ClInclude Include="AABBTree.h" />
    <ClInclude Include="UUIDGenerator.h" />
    <ClInclude Include="Skybox.h" />
    <ClInclude Include="debugdraw.h" />
    <ClInclude Include="Dependencies\brofiler\Brofiler.h" />
    <ClInclude Include="Dependencies\Include\MathGeoLib\MathBuildConfig.h">
      <Filter>Libraries\MathGeoLib</Filter>
    </ClInclude>
    <ClInclude Include="Dependencies\Include\MathGeoLib\MathGeoLib.h">
      <Filter>Libraries\MathGeoLib</Filter>
    </ClInclude>
    <ClInclude Include="Dependencies\Include\MathGeoLib\MathGeoLibFwd.h">
      <Filter>Libraries\MathGeoLib</Filter>
    </ClInclude>
    <ClInclude Include="Dependencies\Include\MathGeoLib\Time\Clock.h">
      <Filter>Libraries\MathGeoLib</Filter>
    </ClInclude>
    <ClInclude Include="Dependencies\Include\MathGeoLib\Math\assume.h">
      <Filter>Libraries\MathGeoLib</Filter>
    </ClInclude>
    <ClInclude Include="Dependencies\Include\MathGeoLib\Math\BitOps.h">
      <Filter>Libraries\MathGeoLib</Filter>
    </ClInclude>
    <ClInclude Include="Dependencies\Include\MathGeoLib\Math\Complex.h">
      <Filter>Libraries\MathGeoLib</Filter>
    </ClInclude>
    <ClInclude Include="Dependencies\Include\MathGeoLib\Math\CoordinateAxisConvention.h">
      <Filter>Libraries\MathGeoLib</Filter>
    </ClInclude>
    <ClInclude Include="Dependencies\Include\MathGeoLib\Math\FixedPoint.h">
      <Filter>Libraries\MathGeoLib</Filter>
    </ClInclude>
    <ClInclude Include="Dependencies\Include\MathGeoLib\Math\float2.h">
      <Filter>Libraries\MathGeoLib</Filter>
    </ClInclude>
    <ClInclude Include="Dependencies\Include\MathGeoLib\Math\float3.h">
      <Filter>Libraries\MathGeoLib</Filter>
    </ClInclude>
    <ClInclude Include="Dependencies\Include\MathGeoLib\Math\float3x3.h">
      <Filter>Libraries\MathGeoLib</Filter>
    </ClInclude>
    <ClInclude Include="Dependencies\Include\MathGeoLib\Math\float3x4.h">
      <Filter>Libraries\MathGeoLib</Filter>
    </ClInclude>
    <ClInclude Include="Dependencies\Include\MathGeoLib\Math\float4.h">
      <Filter>Libraries\MathGeoLib</Filter>
    </ClInclude>
    <ClInclude Include="Dependencies\Include\MathGeoLib\Math\float4_neon.h">
      <Filter>Libraries\MathGeoLib</Filter>
    </ClInclude>
    <ClInclude Include="Dependencies\Include\MathGeoLib\Math\float4_sse.h">
      <Filter>Libraries\MathGeoLib</Filter>
    </ClInclude>
    <ClInclude Include="Dependencies\Include\MathGeoLib\Math\float4x4.h">
      <Filter>Libraries\MathGeoLib</Filter>
    </ClInclude>
    <ClInclude Include="Dependencies\Include\MathGeoLib\Math\float4x4_neon.h">
      <Filter>Libraries\MathGeoLib</Filter>
    </ClInclude>
    <ClInclude Include="Dependencies\Include\MathGeoLib\Math\float4x4_sse.h">
      <Filter>Libraries\MathGeoLib</Filter>
    </ClInclude>
    <ClInclude Include="Dependencies\Include\MathGeoLib\Math\FloatCmp.h">
      <Filter>Libraries\MathGeoLib</Filter>
    </ClInclude>
    <ClInclude Include="Dependencies\Include\MathGeoLib\Math\MathAll.h">
      <Filter>Libraries\MathGeoLib</Filter>
    </ClInclude>
    <ClInclude Include="Dependencies\Include\MathGeoLib\Math\MathConstants.h">
      <Filter>Libraries\MathGeoLib</Filter>
    </ClInclude>
    <ClInclude Include="Dependencies\Include\MathGeoLib\Math\MathFunc.h">
      <Filter>Libraries\MathGeoLib</Filter>
    </ClInclude>
    <ClInclude Include="Dependencies\Include\MathGeoLib\Math\MathLog.h">
      <Filter>Libraries\MathGeoLib</Filter>
    </ClInclude>
    <ClInclude Include="Dependencies\Include\MathGeoLib\Math\MathNamespace.h">
      <Filter>Libraries\MathGeoLib</Filter>
    </ClInclude>
    <ClInclude Include="Dependencies\Include\MathGeoLib\Math\MathTypes.h">
      <Filter>Libraries\MathGeoLib</Filter>
    </ClInclude>
    <ClInclude Include="Dependencies\Include\MathGeoLib\Math\MatrixProxy.h">
      <Filter>Libraries\MathGeoLib</Filter>
    </ClInclude>
    <ClInclude Include="Dependencies\Include\MathGeoLib\Math\myassert.h">
      <Filter>Libraries\MathGeoLib</Filter>
    </ClInclude>
    <ClInclude Include="Dependencies\Include\MathGeoLib\Math\Polynomial.h">
      <Filter>Libraries\MathGeoLib</Filter>
    </ClInclude>
    <ClInclude Include="Dependencies\Include\MathGeoLib\Math\Quat.h">
      <Filter>Libraries\MathGeoLib</Filter>
    </ClInclude>
    <ClInclude Include="Dependencies\Include\MathGeoLib\Math\quat_simd.h">
      <Filter>Libraries\MathGeoLib</Filter>
    </ClInclude>
    <ClInclude Include="Dependencies\Include\MathGeoLib\Math\Rect.h">
      <Filter>Libraries\MathGeoLib</Filter>
    </ClInclude>
    <ClInclude Include="Dependencies\Include\MathGeoLib\Math\Reinterpret.h">
      <Filter>Libraries\MathGeoLib</Filter>
    </ClInclude>
    <ClInclude Include="Dependencies\Include\MathGeoLib\Math\sse_mathfun.h">
      <Filter>Libraries\MathGeoLib</Filter>
    </ClInclude>
    <ClInclude Include="Dependencies\Include\MathGeoLib\Math\SSEMath.h">
      <Filter>Libraries\MathGeoLib</Filter>
    </ClInclude>
    <ClInclude Include="Dependencies\Include\MathGeoLib\Math\TransformOps.h">
      <Filter>Libraries\MathGeoLib</Filter>
    </ClInclude>
    <ClInclude Include="Dependencies\Include\MathGeoLib\Geometry\AABB.h">
      <Filter>Libraries\MathGeoLib</Filter>
    </ClInclude>
    <ClInclude Include="Dependencies\Include\MathGeoLib\Geometry\AABB2D.h">
      <Filter>Libraries\MathGeoLib</Filter>
    </ClInclude>
    <ClInclude Include="Dependencies\Include\MathGeoLib\Geometry\Capsule.h">
      <Filter>Libraries\MathGeoLib</Filter>
    </ClInclude>
    <ClInclude Include="Dependencies\Include\MathGeoLib\Geometry\Circle.h">
      <Filter>Libraries\MathGeoLib</Filter>
    </ClInclude>
    <ClInclude Include="Dependencies\Include\MathGeoLib\Geometry\Cone.h">
      <Filter>Libraries\MathGeoLib</Filter>
    </ClInclude>
    <ClInclude Include="Dependencies\Include\MathGeoLib\Geometry\Cylinder.h">
      <Filter>Libraries\MathGeoLib</Filter>
    </ClInclude>
    <ClInclude Include="Dependencies\Include\MathGeoLib\Geometry\Frustum.h">
      <Filter>Libraries\MathGeoLib</Filter>
    </ClInclude>
    <ClInclude Include="Dependencies\Include\MathGeoLib\Geometry\GeometryAll.h">
      <Filter>Libraries\MathGeoLib</Filter>
    </ClInclude>
    <ClInclude Include="Dependencies\Include\MathGeoLib\Geometry\GeomType.h">
      <Filter>Libraries\MathGeoLib</Filter>
    </ClInclude>
    <ClInclude Include="Dependencies\Include\MathGeoLib\Geometry\HitInfo.h">
      <Filter>Libraries\MathGeoLib</Filter>
    </ClInclude>
    <ClInclude Include="Dependencies\Include\MathGeoLib\Geometry\KDTree.h">
      <Filter>Libraries\MathGeoLib</Filter>
    </ClInclude>
    <ClInclude Include="Dependencies\Include\MathGeoLib\Geometry\Line.h">
      <Filter>Libraries\MathGeoLib</Filter>
    </ClInclude>
    <ClInclude Include="Dependencies\Include\MathGeoLib\Geometry\LineSegment.h">
      <Filter>Libraries\MathGeoLib</Filter>
    </ClInclude>
    <ClInclude Include="Dependencies\Include\MathGeoLib\Geometry\OBB.h">
      <Filter>Libraries\MathGeoLib</Filter>
    </ClInclude>
    <ClInclude Include="Dependencies\Include\MathGeoLib\Geometry\PBVolume.h">
      <Filter>Libraries\MathGeoLib</Filter>
    </ClInclude>
    <ClInclude Include="Dependencies\Include\MathGeoLib\Geometry\Plane.h">
      <Filter>Libraries\MathGeoLib</Filter>
    </ClInclude>
    <ClInclude Include="Dependencies\Include\MathGeoLib\Geometry\Polygon.h">
      <Filter>Libraries\MathGeoLib</Filter>
    </ClInclude>
    <ClInclude Include="Dependencies\Include\MathGeoLib\Geometry\Polyhedron.h">
      <Filter>Libraries\MathGeoLib</Filter>
    </ClInclude>
    <ClInclude Include="Dependencies\Include\MathGeoLib\Geometry\QuadTree.h">
      <Filter>Libraries\MathGeoLib</Filter>
    </ClInclude>
    <ClInclude Include="Dependencies\Include\MathGeoLib\Geometry\Ray.h">
      <Filter>Libraries\MathGeoLib</Filter>
    </ClInclude>
    <ClInclude Include="Dependencies\Include\MathGeoLib\Geometry\Sphere.h">
      <Filter>Libraries\MathGeoLib</Filter>
    </ClInclude>
    <ClInclude Include="Dependencies\Include\MathGeoLib\Geometry\Triangle.h">
      <Filter>Libraries\MathGeoLib</Filter>
    </ClInclude>
    <ClInclude Include="Dependencies\Include\MathGeoLib\Geometry\TriangleMesh.h">
      <Filter>Libraries\MathGeoLib</Filter>
    </ClInclude>
    <ClInclude Include="Dependencies\Include\MathGeoLib\Algorithm\Random\LCG.h">
      <Filter>Libraries\MathGeoLib</Filter>
    </ClInclude>
    <ClInclude Include="Dependencies\Include\Imgui\imconfig.h">
      <Filter>Libraries\IMGUI</Filter>
    </ClInclude>
    <ClInclude Include="Dependencies\Include\Imgui\imgui.h">
      <Filter>Libraries\IMGUI</Filter>
    </ClInclude>
    <ClInclude Include="Dependencies\Include\Imgui\imgui_impl_opengl3.h">
      <Filter>Libraries\IMGUI</Filter>
    </ClInclude>
    <ClInclude Include="Dependencies\Include\Imgui\imgui_impl_sdl.h">
      <Filter>Libraries\IMGUI</Filter>
    </ClInclude>
    <ClInclude Include="Dependencies\Include\Imgui\imgui_internal.h">
      <Filter>Libraries\IMGUI</Filter>
    </ClInclude>
    <ClInclude Include="Dependencies\Include\Imgui\imstb_rectpack.h">
      <Filter>Libraries\IMGUI</Filter>
    </ClInclude>
    <ClInclude Include="Dependencies\Include\Imgui\imstb_textedit.h">
      <Filter>Libraries\IMGUI</Filter>
    </ClInclude>
    <ClInclude Include="Dependencies\Include\Imgui\imstb_truetype.h">
      <Filter>Libraries\IMGUI</Filter>
    </ClInclude>
    <ClInclude Include="Dependencies\Include\Rapidjson\allocators.h">
      <Filter>Libraries\Rapidjson</Filter>
    </ClInclude>
    <ClInclude Include="Dependencies\Include\Rapidjson\cursorstreamwrapper.h">
      <Filter>Libraries\Rapidjson</Filter>
    </ClInclude>
    <ClInclude Include="Dependencies\Include\Rapidjson\document.h">
      <Filter>Libraries\Rapidjson</Filter>
    </ClInclude>
    <ClInclude Include="Dependencies\Include\Rapidjson\encodedstream.h">
      <Filter>Libraries\Rapidjson</Filter>
    </ClInclude>
    <ClInclude Include="Dependencies\Include\Rapidjson\encodings.h">
      <Filter>Libraries\Rapidjson</Filter>
    </ClInclude>
    <ClInclude Include="Dependencies\Include\Rapidjson\filereadstream.h">
      <Filter>Libraries\Rapidjson</Filter>
    </ClInclude>
    <ClInclude Include="Dependencies\Include\Rapidjson\filewritestream.h">
      <Filter>Libraries\Rapidjson</Filter>
    </ClInclude>
    <ClInclude Include="Dependencies\Include\Rapidjson\fwd.h">
      <Filter>Libraries\Rapidjson</Filter>
    </ClInclude>
    <ClInclude Include="Dependencies\Include\Rapidjson\istreamwrapper.h">
      <Filter>Libraries\Rapidjson</Filter>
    </ClInclude>
    <ClInclude Include="Dependencies\Include\Rapidjson\memorybuffer.h">
      <Filter>Libraries\Rapidjson</Filter>
    </ClInclude>
    <ClInclude Include="Dependencies\Include\Rapidjson\memorystream.h">
      <Filter>Libraries\Rapidjson</Filter>
    </ClInclude>
    <ClInclude Include="Dependencies\Include\Rapidjson\ostreamwrapper.h">
      <Filter>Libraries\Rapidjson</Filter>
    </ClInclude>
    <ClInclude Include="Dependencies\Include\Rapidjson\pointer.h">
      <Filter>Libraries\Rapidjson</Filter>
    </ClInclude>
    <ClInclude Include="Dependencies\Include\Rapidjson\prettywriter.h">
      <Filter>Libraries\Rapidjson</Filter>
    </ClInclude>
    <ClInclude Include="Dependencies\Include\Rapidjson\rapidjson.h">
      <Filter>Libraries\Rapidjson</Filter>
    </ClInclude>
    <ClInclude Include="Dependencies\Include\Rapidjson\reader.h">
      <Filter>Libraries\Rapidjson</Filter>
    </ClInclude>
    <ClInclude Include="Dependencies\Include\Rapidjson\schema.h">
      <Filter>Libraries\Rapidjson</Filter>
    </ClInclude>
    <ClInclude Include="Dependencies\Include\Rapidjson\stream.h">
      <Filter>Libraries\Rapidjson</Filter>
    </ClInclude>
    <ClInclude Include="Dependencies\Include\Rapidjson\stringbuffer.h">
      <Filter>Libraries\Rapidjson</Filter>
    </ClInclude>
    <ClInclude Include="Dependencies\Include\Rapidjson\writer.h">
      <Filter>Libraries\Rapidjson</Filter>
    </ClInclude>
    <ClInclude Include="Dependencies\Include\Rapidjson\msinttypes\inttypes.h">
      <Filter>Libraries\Rapidjson</Filter>
    </ClInclude>
    <ClInclude Include="Dependencies\Include\Rapidjson\msinttypes\stdint.h">
      <Filter>Libraries\Rapidjson</Filter>
    </ClInclude>
    <ClInclude Include="Dependencies\Include\Rapidjson\internal\biginteger.h">
      <Filter>Libraries\Rapidjson</Filter>
    </ClInclude>
    <ClInclude Include="Dependencies\Include\Rapidjson\internal\clzll.h">
      <Filter>Libraries\Rapidjson</Filter>
    </ClInclude>
    <ClInclude Include="Dependencies\Include\Rapidjson\internal\diyfp.h">
      <Filter>Libraries\Rapidjson</Filter>
    </ClInclude>
    <ClInclude Include="Dependencies\Include\Rapidjson\internal\dtoa.h">
      <Filter>Libraries\Rapidjson</Filter>
    </ClInclude>
    <ClInclude Include="Dependencies\Include\Rapidjson\internal\ieee754.h">
      <Filter>Libraries\Rapidjson</Filter>
    </ClInclude>
    <ClInclude Include="Dependencies\Include\Rapidjson\internal\itoa.h">
      <Filter>Libraries\Rapidjson</Filter>
    </ClInclude>
    <ClInclude Include="Dependencies\Include\Rapidjson\internal\meta.h">
      <Filter>Libraries\Rapidjson</Filter>
    </ClInclude>
    <ClInclude Include="Dependencies\Include\Rapidjson\internal\pow10.h">
      <Filter>Libraries\Rapidjson</Filter>
    </ClInclude>
    <ClInclude Include="Dependencies\Include\Rapidjson\internal\regex.h">
      <Filter>Libraries\Rapidjson</Filter>
    </ClInclude>
    <ClInclude Include="Dependencies\Include\Rapidjson\internal\stack.h">
      <Filter>Libraries\Rapidjson</Filter>
    </ClInclude>
    <ClInclude Include="Dependencies\Include\Rapidjson\internal\strfunc.h">
      <Filter>Libraries\Rapidjson</Filter>
    </ClInclude>
    <ClInclude Include="Dependencies\Include\Rapidjson\internal\strtod.h">
      <Filter>Libraries\Rapidjson</Filter>
    </ClInclude>
    <ClInclude Include="Dependencies\Include\Rapidjson\internal\swap.h">
      <Filter>Libraries\Rapidjson</Filter>
    </ClInclude>
    <ClInclude Include="Dependencies\Include\Rapidjson\error\en.h">
      <Filter>Libraries\Rapidjson</Filter>
    </ClInclude>
    <ClInclude Include="Dependencies\Include\Rapidjson\error\error.h">
      <Filter>Libraries\Rapidjson</Filter>
    </ClInclude>
    <ClInclude Include="Dependencies\Include\PCG\pcg_basic.h">
      <Filter>Libraries\PCG</Filter>
    </ClInclude>
    <ClInclude Include="SceneLoader.h">
      <Filter>Utils</Filter>
    </ClInclude>
    <ClInclude Include="ModuleFilesystem.h">
      <Filter>Modules</Filter>
    </ClInclude>
    <ClInclude Include="MaterialImporter.h">
      <Filter>Importers</Filter>
    </ClInclude>
    <ClInclude Include="ModelImporter.h">
      <Filter>Importers</Filter>
    </ClInclude>
    <ClInclude Include="MyImporter.h">
      <Filter>Importers</Filter>
    </ClInclude>
    <ClInclude Include="MeshImporter.h">
      <Filter>Importers</Filter>
    </ClInclude>
    <ClInclude Include="SceneImporter.h">
      <Filter>Importers</Filter>
    </ClInclude>
    <ClInclude Include="Globals.h" />
    <ClInclude Include="Dependencies\Include\ImGuizmo\ImSequencer.h">
      <Filter>Libraries\ImGuizmo</Filter>
    </ClInclude>
    <ClInclude Include="Dependencies\Include\ImGuizmo\ImCurveEdit.h">
      <Filter>Libraries\ImGuizmo</Filter>
    </ClInclude>
    <ClInclude Include="Dependencies\Include\ImGuizmo\ImGradient.h">
      <Filter>Libraries\ImGuizmo</Filter>
    </ClInclude>
    <ClInclude Include="Dependencies\Include\ImGuizmo\ImGuizmo.h">
      <Filter>Libraries\ImGuizmo</Filter>
    </ClInclude>
    <ClInclude Include="resource.h" />
    <ClInclude Include="ComponentLight.h">
      <Filter>Components</Filter>
    </ClInclude>
    <ClInclude Include="Dependencies\Include\Imgui\imgui_stdlib.h">
      <Filter>Libraries\IMGUI</Filter>
    </ClInclude>
  </ItemGroup>
  <ItemGroup>
    <Filter Include="Shaders">
      <UniqueIdentifier>{d22cc496-3b5c-4eea-abec-f424284b2494}</UniqueIdentifier>
    </Filter>
    <Filter Include="Modules">
      <UniqueIdentifier>{d1290c9d-20ae-4023-b681-8dd0c598fbc2}</UniqueIdentifier>
    </Filter>
    <Filter Include="Components">
      <UniqueIdentifier>{d67a7d67-8eff-4d81-bb89-9efa064ab435}</UniqueIdentifier>
    </Filter>
    <Filter Include="UI">
      <UniqueIdentifier>{2d08909a-065e-459b-8cec-34f6c054389f}</UniqueIdentifier>
    </Filter>
    <Filter Include="Utils">
      <UniqueIdentifier>{36aa6b89-f439-4ead-96cd-17830c272b79}</UniqueIdentifier>
    </Filter>
    <Filter Include="Libraries">
      <UniqueIdentifier>{e7d8e9bd-ac04-4893-8534-2102a683669c}</UniqueIdentifier>
    </Filter>
    <Filter Include="Libraries\MathGeoLib">
      <UniqueIdentifier>{fd8ee570-a3a5-407d-bf43-c377e41ff146}</UniqueIdentifier>
    </Filter>
    <Filter Include="Libraries\Rapidjson">
      <UniqueIdentifier>{211c3fb8-8c62-42c8-8838-556cbb716d25}</UniqueIdentifier>
    </Filter>
    <Filter Include="Libraries\PCG">
      <UniqueIdentifier>{57cacc77-f23d-463e-a76b-2c92613f74e9}</UniqueIdentifier>
    </Filter>
    <Filter Include="Libraries\IMGUI">
      <UniqueIdentifier>{4c219d9d-d5eb-4240-9bbd-c88b7b62a4bc}</UniqueIdentifier>
    </Filter>
    <Filter Include="Importers">
      <UniqueIdentifier>{636a0386-6a5c-45fc-95f7-e206e726bb30}</UniqueIdentifier>
    </Filter>
    <Filter Include="Libraries\ImGuizmo">
      <UniqueIdentifier>{559cb708-dbb7-45ab-bbf7-b857ef91a365}</UniqueIdentifier>
    </Filter>
  </ItemGroup>
  <ItemGroup>
    <None Include="imgui\.editorconfig" />
    <None Include="Shaders\Grid.fs">
      <Filter>Shaders</Filter>
    </None>
    <None Include="Shaders\Grid.vs">
      <Filter>Shaders</Filter>
    </None>
    <None Include="Shaders\FragmentShader.fs">
      <Filter>Shaders</Filter>
    </None>
    <None Include="Shaders\VertexShader.vs">
      <Filter>Shaders</Filter>
    </None>
    <None Include="Shaders\Model.fs">
      <Filter>Shaders</Filter>
    </None>
    <None Include="Shaders\Skybox.fs">
      <Filter>Shaders</Filter>
    </None>
    <None Include="Shaders\Skybox.vs">
      <Filter>Shaders</Filter>
    </None>
    <None Include="Dependencies\Include\MathGeoLib\Math\Matrix.inl">
      <Filter>Libraries\MathGeoLib</Filter>
    </None>
    <None Include="Dependencies\Include\MathGeoLib\Geometry\KDTree.inl">
      <Filter>Libraries\MathGeoLib</Filter>
    </None>
    <None Include="Dependencies\Include\MathGeoLib\Geometry\QuadTree.inl">
      <Filter>Libraries\MathGeoLib</Filter>
    </None>
    <None Include="Dependencies\Include\MathGeoLib\Geometry\TriangleMesh_IntersectRay_AVX.inl">
      <Filter>Libraries\MathGeoLib</Filter>
    </None>
    <None Include="Dependencies\Include\MathGeoLib\Geometry\TriangleMesh_IntersectRay_CPP.inl">
      <Filter>Libraries\MathGeoLib</Filter>
    </None>
    <None Include="Dependencies\Include\MathGeoLib\Geometry\TriangleMesh_IntersectRay_SSE.inl">
      <Filter>Libraries\MathGeoLib</Filter>
    </None>
  </ItemGroup>
  <ItemGroup>
    <ResourceCompile Include="badprog.rc" />
  </ItemGroup>
</Project>