<?xml version="1.0" encoding="utf-8"?>
<Project ToolsVersion="4.0" xmlns="http://schemas.microsoft.com/developer/msbuild/2003">
  <ItemGroup>
    <ClCompile Include="Application.cpp" />
    <ClCompile Include="Main.cpp" />
    <ClCompile Include="Mesh.cpp" />
    <ClCompile Include="GameObject.cpp" />
    <ClCompile Include="ModuleIMGUI.cpp">
      <Filter>Modules</Filter>
    </ClCompile>
    <ClCompile Include="ModuleInput.cpp">
      <Filter>Modules</Filter>
    </ClCompile>
    <ClCompile Include="ModuleModelLoader.cpp">
      <Filter>Modules</Filter>
    </ClCompile>
    <ClCompile Include="ModuleProgram.cpp">
      <Filter>Modules</Filter>
    </ClCompile>
    <ClCompile Include="ModuleRender.cpp">
      <Filter>Modules</Filter>
    </ClCompile>
    <ClCompile Include="ModuleScene.cpp">
      <Filter>Modules</Filter>
    </ClCompile>
    <ClCompile Include="ModuleTexture.cpp">
      <Filter>Modules</Filter>
    </ClCompile>
    <ClCompile Include="ModuleTimeManager.cpp">
      <Filter>Modules</Filter>
    </ClCompile>
    <ClCompile Include="ModuleWindow.cpp">
      <Filter>Modules</Filter>
    </ClCompile>
    <ClCompile Include="ComponentMaterial.cpp">
      <Filter>Components</Filter>
    </ClCompile>
    <ClCompile Include="ComponentMesh.cpp">
      <Filter>Components</Filter>
    </ClCompile>
    <ClCompile Include="ComponentTransform.cpp">
      <Filter>Components</Filter>
    </ClCompile>
    <ClCompile Include="GUIAbout.cpp">
      <Filter>UI</Filter>
    </ClCompile>
    <ClCompile Include="GUICamera.cpp">
      <Filter>UI</Filter>
    </ClCompile>
    <ClCompile Include="GUIConsole.cpp">
      <Filter>UI</Filter>
    </ClCompile>
    <ClCompile Include="GUIInspector.cpp">
      <Filter>UI</Filter>
    </ClCompile>
    <ClCompile Include="GUITime.cpp">
      <Filter>UI</Filter>
    </ClCompile>
    <ClCompile Include="GUIWindow.cpp">
      <Filter>UI</Filter>
    </ClCompile>
    <ClCompile Include="Timer.cpp">
      <Filter>Utils</Filter>
    </ClCompile>
    <ClCompile Include="uSTimer.cpp">
      <Filter>Utils</Filter>
    </ClCompile>
    <ClCompile Include="log.cpp">
      <Filter>Utils</Filter>
    </ClCompile>
    <ClCompile Include="ComponentCamera.cpp">
      <Filter>Components</Filter>
    </ClCompile>
    <ClCompile Include="MyQuadTree.cpp" />
    <ClCompile Include="ModuleCamera.cpp">
      <Filter>Modules</Filter>
    </ClCompile>
    <ClCompile Include="ModuleDebugDraw.cpp">
      <Filter>Modules</Filter>
    </ClCompile>
    <ClCompile Include="AABBTree.cpp" />
    <ClCompile Include="UUIDGenerator.cpp" />
    <ClCompile Include="Skybox.cpp" />
    <ClCompile Include="SceneLoader.cpp" />
    <ClCompile Include="Dependencies\imgui\imgui.cpp">
      <Filter>Libraries\Imgui</Filter>
    </ClCompile>
    <ClCompile Include="Dependencies\imgui\imgui_demo.cpp">
      <Filter>Libraries\Imgui</Filter>
    </ClCompile>
    <ClCompile Include="Dependencies\imgui\imgui_draw.cpp">
      <Filter>Libraries\Imgui</Filter>
    </ClCompile>
    <ClCompile Include="Dependencies\imgui\imgui_impl_opengl3.cpp">
      <Filter>Libraries\Imgui</Filter>
    </ClCompile>
    <ClCompile Include="Dependencies\imgui\imgui_impl_sdl.cpp">
      <Filter>Libraries\Imgui</Filter>
    </ClCompile>
    <ClCompile Include="Dependencies\imgui\imgui_widgets.cpp">
      <Filter>Libraries\Imgui</Filter>
    </ClCompile>
    <ClCompile Include="Dependencies\MathGeoLib\include\Math\Quat.cpp">
      <Filter>Libraries\MathGeoLib</Filter>
    </ClCompile>
    <ClCompile Include="Dependencies\MathGeoLib\include\Geometry\Ray.cpp">
      <Filter>Libraries\MathGeoLib</Filter>
    </ClCompile>
    <ClCompile Include="Dependencies\MathGeoLib\include\Geometry\AABB.cpp">
      <Filter>Libraries\MathGeoLib</Filter>
    </ClCompile>
    <ClCompile Include="Dependencies\MathGeoLib\include\Math\BitOps.cpp">
      <Filter>Libraries\MathGeoLib</Filter>
    </ClCompile>
    <ClCompile Include="Dependencies\MathGeoLib\include\Geometry\Capsule.cpp">
      <Filter>Libraries\MathGeoLib</Filter>
    </ClCompile>
    <ClCompile Include="Dependencies\MathGeoLib\include\Geometry\Circle.cpp">
      <Filter>Libraries\MathGeoLib</Filter>
    </ClCompile>
    <ClCompile Include="Dependencies\MathGeoLib\include\Time\Clock.cpp">
      <Filter>Libraries\MathGeoLib</Filter>
    </ClCompile>
    <ClCompile Include="Dependencies\MathGeoLib\include\Geometry\Cone.cpp">
      <Filter>Libraries\MathGeoLib</Filter>
    </ClCompile>
    <ClCompile Include="Dependencies\MathGeoLib\include\Geometry\Cylinder.cpp">
      <Filter>Libraries\MathGeoLib</Filter>
    </ClCompile>
    <ClCompile Include="Dependencies\MathGeoLib\include\Geometry\Sphere.cpp">
      <Filter>Libraries\MathGeoLib</Filter>
    </ClCompile>
    <ClCompile Include="Dependencies\MathGeoLib\include\Math\SSEMath.cpp">
      <Filter>Libraries\MathGeoLib</Filter>
    </ClCompile>
    <ClCompile Include="Dependencies\MathGeoLib\include\Math\TransformOps.cpp">
      <Filter>Libraries\MathGeoLib</Filter>
    </ClCompile>
    <ClCompile Include="Dependencies\MathGeoLib\include\Geometry\Triangle.cpp">
      <Filter>Libraries\MathGeoLib</Filter>
    </ClCompile>
    <ClCompile Include="Dependencies\MathGeoLib\include\Geometry\TriangleMesh.cpp">
      <Filter>Libraries\MathGeoLib</Filter>
    </ClCompile>
    <ClCompile Include="Dependencies\MathGeoLib\include\Geometry\OBB.cpp">
      <Filter>Libraries\MathGeoLib</Filter>
    </ClCompile>
    <ClCompile Include="Dependencies\PCG\pcg_basic.c">
      <Filter>Libraries\MathGeoLib</Filter>
    </ClCompile>
    <ClCompile Include="Dependencies\MathGeoLib\include\Geometry\Plane.cpp">
      <Filter>Libraries\MathGeoLib</Filter>
    </ClCompile>
    <ClCompile Include="Dependencies\MathGeoLib\include\Geometry\Polygon.cpp">
      <Filter>Libraries\MathGeoLib</Filter>
    </ClCompile>
    <ClCompile Include="Dependencies\MathGeoLib\include\Geometry\Polyhedron.cpp">
      <Filter>Libraries\MathGeoLib</Filter>
    </ClCompile>
    <ClCompile Include="Dependencies\MathGeoLib\include\Math\Polynomial.cpp">
      <Filter>Libraries\MathGeoLib</Filter>
    </ClCompile>
    <ClCompile Include="Dependencies\MathGeoLib\include\Math\MathFunc.cpp">
      <Filter>Libraries\MathGeoLib</Filter>
    </ClCompile>
    <ClCompile Include="Dependencies\MathGeoLib\include\Math\MathLog.cpp">
      <Filter>Libraries\MathGeoLib</Filter>
    </ClCompile>
    <ClCompile Include="Dependencies\MathGeoLib\include\Math\MathOps.cpp">
      <Filter>Libraries\MathGeoLib</Filter>
    </ClCompile>
    <ClCompile Include="Dependencies\MathGeoLib\include\Math\float2.cpp">
      <Filter>Libraries\MathGeoLib</Filter>
    </ClCompile>
    <ClCompile Include="Dependencies\MathGeoLib\include\Math\float3.cpp">
      <Filter>Libraries\MathGeoLib</Filter>
    </ClCompile>
    <ClCompile Include="Dependencies\MathGeoLib\include\Math\float3x3.cpp">
      <Filter>Libraries\MathGeoLib</Filter>
    </ClCompile>
    <ClCompile Include="Dependencies\MathGeoLib\include\Math\float3x4.cpp">
      <Filter>Libraries\MathGeoLib</Filter>
    </ClCompile>
    <ClCompile Include="Dependencies\MathGeoLib\include\Math\float4.cpp">
      <Filter>Libraries\MathGeoLib</Filter>
    </ClCompile>
    <ClCompile Include="Dependencies\MathGeoLib\include\Math\float4x4.cpp">
      <Filter>Libraries\MathGeoLib</Filter>
    </ClCompile>
    <ClCompile Include="Dependencies\MathGeoLib\include\Geometry\Frustum.cpp">
      <Filter>Libraries\MathGeoLib</Filter>
    </ClCompile>
    <ClCompile Include="Dependencies\MathGeoLib\include\Algorithm\Random\LCG.cpp">
      <Filter>Libraries\MathGeoLib</Filter>
    </ClCompile>
    <ClCompile Include="Dependencies\MathGeoLib\include\Geometry\Line.cpp">
      <Filter>Libraries\MathGeoLib</Filter>
    </ClCompile>
    <ClCompile Include="Dependencies\MathGeoLib\include\Geometry\LineSegment.cpp">
      <Filter>Libraries\MathGeoLib</Filter>
    </ClCompile>
    <ClCompile Include="Dependencies\imgui\imgui_stdlib.cpp">
      <Filter>Libraries\Imgui</Filter>
    </ClCompile>
  </ItemGroup>
  <ItemGroup>
    <ClInclude Include="Application.h" />
    <ClInclude Include="Mesh.h" />
    <ClInclude Include="GameObject.h" />
    <ClInclude Include="Module.h">
      <Filter>Modules</Filter>
    </ClInclude>
    <ClInclude Include="ModuleCamera.h">
      <Filter>Modules</Filter>
    </ClInclude>
    <ClInclude Include="ModuleIMGUI.h">
      <Filter>Modules</Filter>
    </ClInclude>
    <ClInclude Include="ModuleInput.h">
      <Filter>Modules</Filter>
    </ClInclude>
    <ClInclude Include="ModuleModelLoader.h">
      <Filter>Modules</Filter>
    </ClInclude>
    <ClInclude Include="ModuleProgram.h">
      <Filter>Modules</Filter>
    </ClInclude>
    <ClInclude Include="ModuleRender.h">
      <Filter>Modules</Filter>
    </ClInclude>
    <ClInclude Include="ModuleScene.h">
      <Filter>Modules</Filter>
    </ClInclude>
    <ClInclude Include="ModuleTexture.h">
      <Filter>Modules</Filter>
    </ClInclude>
    <ClInclude Include="ModuleTimeManager.h">
      <Filter>Modules</Filter>
    </ClInclude>
    <ClInclude Include="ModuleWindow.h">
      <Filter>Modules</Filter>
    </ClInclude>
    <ClInclude Include="ComponentMesh.h">
      <Filter>Components</Filter>
    </ClInclude>
    <ClInclude Include="Component.h">
      <Filter>Components</Filter>
    </ClInclude>
    <ClInclude Include="ComponentMaterial.h">
      <Filter>Components</Filter>
    </ClInclude>
    <ClInclude Include="ComponentTransform.h">
      <Filter>Components</Filter>
    </ClInclude>
    <ClInclude Include="GUIWindow.h">
      <Filter>UI</Filter>
    </ClInclude>
    <ClInclude Include="GUI.h">
      <Filter>UI</Filter>
    </ClInclude>
    <ClInclude Include="GUIAbout.h">
      <Filter>UI</Filter>
    </ClInclude>
    <ClInclude Include="GUICamera.h">
      <Filter>UI</Filter>
    </ClInclude>
    <ClInclude Include="GUIConsole.h">
      <Filter>UI</Filter>
    </ClInclude>
    <ClInclude Include="GUIInspector.h">
      <Filter>UI</Filter>
    </ClInclude>
    <ClInclude Include="GUITime.h">
      <Filter>UI</Filter>
    </ClInclude>
    <ClInclude Include="uSTimer.h">
      <Filter>Utils</Filter>
    </ClInclude>
    <ClInclude Include="Point.h">
      <Filter>Utils</Filter>
    </ClInclude>
    <ClInclude Include="Timer.h">
      <Filter>Utils</Filter>
    </ClInclude>
    <ClInclude Include="ComponentCamera.h">
      <Filter>Components</Filter>
    </ClInclude>
    <ClInclude Include="myStream.h" />
    <ClInclude Include="MyQuadTree.h" />
    <ClInclude Include="ModuleDebugDraw.h">
      <Filter>Modules</Filter>
    </ClInclude>
    <ClInclude Include="AABBTree.h" />
    <ClInclude Include="UUIDGenerator.h" />
    <ClInclude Include="Skybox.h" />
    <ClInclude Include="SceneLoader.h" />
    <ClInclude Include="debugdraw.h" />
    <ClInclude Include="Dependencies\brofiler\Brofiler.h" />
    <ClInclude Include="Dependencies\imgui\imstb_truetype.h">
      <Filter>Libraries\Imgui</Filter>
    </ClInclude>
    <ClInclude Include="Dependencies\imgui\imgui.h">
      <Filter>Libraries\Imgui</Filter>
    </ClInclude>
    <ClInclude Include="Dependencies\imgui\imgui_impl_opengl3.h">
      <Filter>Libraries\Imgui</Filter>
    </ClInclude>
    <ClInclude Include="Dependencies\imgui\imgui_impl_sdl.h">
      <Filter>Libraries\Imgui</Filter>
    </ClInclude>
    <ClInclude Include="Dependencies\imgui\imgui_internal.h">
      <Filter>Libraries\Imgui</Filter>
    </ClInclude>
    <ClInclude Include="Dependencies\imgui\imstb_rectpack.h">
      <Filter>Libraries\Imgui</Filter>
    </ClInclude>
    <ClInclude Include="Dependencies\imgui\imstb_textedit.h">
      <Filter>Libraries\Imgui</Filter>
    </ClInclude>
    <ClInclude Include="Dependencies\imgui\imconfig.h">
      <Filter>Libraries\Imgui</Filter>
    </ClInclude>
    <ClInclude Include="Dependencies\MathGeoLib\include\Math\Reinterpret.h">
      <Filter>Libraries\MathGeoLib</Filter>
    </ClInclude>
    <ClInclude Include="Dependencies\MathGeoLib\include\Math\Quat.h">
      <Filter>Libraries\MathGeoLib</Filter>
    </ClInclude>
    <ClInclude Include="Dependencies\MathGeoLib\include\Math\quat_simd.h">
      <Filter>Libraries\MathGeoLib</Filter>
    </ClInclude>
    <ClInclude Include="Dependencies\MathGeoLib\include\Geometry\Ray.h">
      <Filter>Libraries\MathGeoLib</Filter>
    </ClInclude>
    <ClInclude Include="Dependencies\MathGeoLib\include\Math\Rect.h">
      <Filter>Libraries\MathGeoLib</Filter>
    </ClInclude>
    <ClInclude Include="Dependencies\MathGeoLib\include\Geometry\AABB.h">
      <Filter>Libraries\MathGeoLib</Filter>
    </ClInclude>
    <ClInclude Include="Dependencies\MathGeoLib\include\Geometry\AABB2D.h">
      <Filter>Libraries\MathGeoLib</Filter>
    </ClInclude>
    <ClInclude Include="Dependencies\MathGeoLib\include\Math\assume.h">
      <Filter>Libraries\MathGeoLib</Filter>
    </ClInclude>
    <ClInclude Include="Dependencies\MathGeoLib\include\Math\BitOps.h">
      <Filter>Libraries\MathGeoLib</Filter>
    </ClInclude>
    <ClInclude Include="Dependencies\MathGeoLib\include\Geometry\Capsule.h">
      <Filter>Libraries\MathGeoLib</Filter>
    </ClInclude>
    <ClInclude Include="Dependencies\MathGeoLib\include\Geometry\Circle.h">
      <Filter>Libraries\MathGeoLib</Filter>
    </ClInclude>
    <ClInclude Include="Dependencies\MathGeoLib\include\Time\Clock.h">
      <Filter>Libraries\MathGeoLib</Filter>
    </ClInclude>
    <ClInclude Include="Dependencies\MathGeoLib\include\Math\Complex.h">
      <Filter>Libraries\MathGeoLib</Filter>
    </ClInclude>
    <ClInclude Include="Dependencies\MathGeoLib\include\Geometry\Cone.h">
      <Filter>Libraries\MathGeoLib</Filter>
    </ClInclude>
    <ClInclude Include="Dependencies\MathGeoLib\include\Math\CoordinateAxisConvention.h">
      <Filter>Libraries\MathGeoLib</Filter>
    </ClInclude>
    <ClInclude Include="Dependencies\MathGeoLib\include\Geometry\Cylinder.h">
      <Filter>Libraries\MathGeoLib</Filter>
    </ClInclude>
    <ClInclude Include="Dependencies\MathGeoLib\include\Geometry\Sphere.h">
      <Filter>Libraries\MathGeoLib</Filter>
    </ClInclude>
    <ClInclude Include="Dependencies\MathGeoLib\include\Math\sse_mathfun.h">
      <Filter>Libraries\MathGeoLib</Filter>
    </ClInclude>
    <ClInclude Include="Dependencies\MathGeoLib\include\Math\SSEMath.h">
      <Filter>Libraries\MathGeoLib</Filter>
    </ClInclude>
    <ClInclude Include="Dependencies\MathGeoLib\include\Math\TransformOps.h">
      <Filter>Libraries\MathGeoLib</Filter>
    </ClInclude>
    <ClInclude Include="Dependencies\MathGeoLib\include\Geometry\Triangle.h">
      <Filter>Libraries\MathGeoLib</Filter>
    </ClInclude>
    <ClInclude Include="Dependencies\MathGeoLib\include\Geometry\TriangleMesh.h">
      <Filter>Libraries\MathGeoLib</Filter>
    </ClInclude>
    <ClInclude Include="Dependencies\MathGeoLib\include\Geometry\OBB.h">
      <Filter>Libraries\MathGeoLib</Filter>
    </ClInclude>
    <ClInclude Include="Dependencies\MathGeoLib\include\Geometry\PBVolume.h">
      <Filter>Libraries\MathGeoLib</Filter>
    </ClInclude>
    <ClInclude Include="Dependencies\PCG\pcg_basic.h">
      <Filter>Libraries\MathGeoLib</Filter>
    </ClInclude>
    <ClInclude Include="Dependencies\MathGeoLib\include\Geometry\Plane.h">
      <Filter>Libraries\MathGeoLib</Filter>
    </ClInclude>
    <ClInclude Include="Dependencies\MathGeoLib\include\Geometry\Polygon.h">
      <Filter>Libraries\MathGeoLib</Filter>
    </ClInclude>
    <ClInclude Include="Dependencies\MathGeoLib\include\Geometry\Polyhedron.h">
      <Filter>Libraries\MathGeoLib</Filter>
    </ClInclude>
    <ClInclude Include="Dependencies\MathGeoLib\include\Math\Polynomial.h">
      <Filter>Libraries\MathGeoLib</Filter>
    </ClInclude>
    <ClInclude Include="Dependencies\MathGeoLib\include\Geometry\QuadTree.h">
      <Filter>Libraries\MathGeoLib</Filter>
    </ClInclude>
    <ClInclude Include="Dependencies\MathGeoLib\include\Math\MatrixProxy.h">
      <Filter>Libraries\MathGeoLib</Filter>
    </ClInclude>
    <ClInclude Include="Dependencies\MathGeoLib\include\Math\MathAll.h">
      <Filter>Libraries\MathGeoLib</Filter>
    </ClInclude>
    <ClInclude Include="Dependencies\MathGeoLib\include\MathBuildConfig.h">
      <Filter>Libraries\MathGeoLib</Filter>
    </ClInclude>
    <ClInclude Include="Dependencies\MathGeoLib\include\Math\MathConstants.h">
      <Filter>Libraries\MathGeoLib</Filter>
    </ClInclude>
    <ClInclude Include="Dependencies\MathGeoLib\include\Math\MathFunc.h">
      <Filter>Libraries\MathGeoLib</Filter>
    </ClInclude>
    <ClInclude Include="Dependencies\MathGeoLib\include\MathGeoLib.h">
      <Filter>Libraries\MathGeoLib</Filter>
    </ClInclude>
    <ClInclude Include="Dependencies\MathGeoLib\include\MathGeoLibFwd.h">
      <Filter>Libraries\MathGeoLib</Filter>
    </ClInclude>
    <ClInclude Include="Dependencies\MathGeoLib\include\Math\MathLog.h">
      <Filter>Libraries\MathGeoLib</Filter>
    </ClInclude>
    <ClInclude Include="Dependencies\MathGeoLib\include\Math\MathNamespace.h">
      <Filter>Libraries\MathGeoLib</Filter>
    </ClInclude>
    <ClInclude Include="Dependencies\MathGeoLib\include\Math\MathTypes.h">
      <Filter>Libraries\MathGeoLib</Filter>
    </ClInclude>
    <ClInclude Include="Dependencies\MathGeoLib\include\Math\myassert.h">
      <Filter>Libraries\MathGeoLib</Filter>
    </ClInclude>
    <ClInclude Include="Dependencies\MathGeoLib\include\Math\FixedPoint.h">
      <Filter>Libraries\MathGeoLib</Filter>
    </ClInclude>
    <ClInclude Include="Dependencies\MathGeoLib\include\Math\float2.h">
      <Filter>Libraries\MathGeoLib</Filter>
    </ClInclude>
    <ClInclude Include="Dependencies\MathGeoLib\include\Math\float3.h">
      <Filter>Libraries\MathGeoLib</Filter>
    </ClInclude>
    <ClInclude Include="Dependencies\MathGeoLib\include\Math\float3x3.h">
      <Filter>Libraries\MathGeoLib</Filter>
    </ClInclude>
    <ClInclude Include="Dependencies\MathGeoLib\include\Math\float3x4.h">
      <Filter>Libraries\MathGeoLib</Filter>
    </ClInclude>
    <ClInclude Include="Dependencies\MathGeoLib\include\Math\float4.h">
      <Filter>Libraries\MathGeoLib</Filter>
    </ClInclude>
    <ClInclude Include="Dependencies\MathGeoLib\include\Math\float4_neon.h">
      <Filter>Libraries\MathGeoLib</Filter>
    </ClInclude>
    <ClInclude Include="Dependencies\MathGeoLib\include\Math\float4_sse.h">
      <Filter>Libraries\MathGeoLib</Filter>
    </ClInclude>
    <ClInclude Include="Dependencies\MathGeoLib\include\Math\float4x4.h">
      <Filter>Libraries\MathGeoLib</Filter>
    </ClInclude>
    <ClInclude Include="Dependencies\MathGeoLib\include\Math\float4x4_neon.h">
      <Filter>Libraries\MathGeoLib</Filter>
    </ClInclude>
    <ClInclude Include="Dependencies\MathGeoLib\include\Math\float4x4_sse.h">
      <Filter>Libraries\MathGeoLib</Filter>
    </ClInclude>
    <ClInclude Include="Dependencies\MathGeoLib\include\Math\FloatCmp.h">
      <Filter>Libraries\MathGeoLib</Filter>
    </ClInclude>
    <ClInclude Include="Dependencies\MathGeoLib\include\Geometry\Frustum.h">
      <Filter>Libraries\MathGeoLib</Filter>
    </ClInclude>
    <ClInclude Include="Dependencies\MathGeoLib\include\Geometry\LineSegment.h">
      <Filter>Libraries\MathGeoLib</Filter>
    </ClInclude>
    <ClInclude Include="Dependencies\MathGeoLib\include\Geometry\GeometryAll.h">
      <Filter>Libraries\MathGeoLib</Filter>
    </ClInclude>
    <ClInclude Include="Dependencies\MathGeoLib\include\Geometry\GeomType.h">
      <Filter>Libraries\MathGeoLib</Filter>
    </ClInclude>
    <ClInclude Include="Dependencies\MathGeoLib\include\Geometry\HitInfo.h">
      <Filter>Libraries\MathGeoLib</Filter>
    </ClInclude>
    <ClInclude Include="Dependencies\MathGeoLib\include\Geometry\KDTree.h">
      <Filter>Libraries\MathGeoLib</Filter>
    </ClInclude>
    <ClInclude Include="Dependencies\MathGeoLib\include\Algorithm\Random\LCG.h">
      <Filter>Libraries\MathGeoLib</Filter>
    </ClInclude>
    <ClInclude Include="Dependencies\MathGeoLib\include\Geometry\Line.h">
      <Filter>Libraries\MathGeoLib</Filter>
    </ClInclude>
    <ClInclude Include="Dependencies\imgui\imgui_stdlib.h">
      <Filter>Libraries\Imgui</Filter>
    </ClInclude>
    <ClInclude Include="Globals.h" />
  </ItemGroup>
  <ItemGroup>
    <Filter Include="Shaders">
      <UniqueIdentifier>{d22cc496-3b5c-4eea-abec-f424284b2494}</UniqueIdentifier>
    </Filter>
    <Filter Include="Modules">
      <UniqueIdentifier>{d1290c9d-20ae-4023-b681-8dd0c598fbc2}</UniqueIdentifier>
    </Filter>
    <Filter Include="Components">
      <UniqueIdentifier>{d67a7d67-8eff-4d81-bb89-9efa064ab435}</UniqueIdentifier>
    </Filter>
    <Filter Include="UI">
      <UniqueIdentifier>{2d08909a-065e-459b-8cec-34f6c054389f}</UniqueIdentifier>
    </Filter>
    <Filter Include="Utils">
      <UniqueIdentifier>{36aa6b89-f439-4ead-96cd-17830c272b79}</UniqueIdentifier>
    </Filter>
    <Filter Include="Libraries">
      <UniqueIdentifier>{e7d8e9bd-ac04-4893-8534-2102a683669c}</UniqueIdentifier>
    </Filter>
    <Filter Include="Libraries\Imgui">
      <UniqueIdentifier>{8696c654-eb29-4b4a-b876-941583e55263}</UniqueIdentifier>
    </Filter>
    <Filter Include="Libraries\MathGeoLib">
      <UniqueIdentifier>{f67739e3-f46c-4a0c-8cf2-192932b4a509}</UniqueIdentifier>
    </Filter>
  </ItemGroup>
  <ItemGroup>
    <None Include="imgui\.editorconfig" />
    <None Include="Shaders\Grid.fs">
      <Filter>Shaders</Filter>
    </None>
    <None Include="Shaders\Grid.vs">
      <Filter>Shaders</Filter>
    </None>
    <None Include="Shaders\FragmentShader.fs">
      <Filter>Shaders</Filter>
    </None>
    <None Include="Shaders\VertexShader.vs">
      <Filter>Shaders</Filter>
    </None>
    <None Include="Shaders\Model.fs">
      <Filter>Shaders</Filter>
    </None>
    <None Include="Shaders\Skybox.fs">
      <Filter>Shaders</Filter>
    </None>
    <None Include="Shaders\Skybox.vs">
      <Filter>Shaders</Filter>
    </None>
    <None Include="Dependencies\MathGeoLib\include\Geometry\TriangleMesh_IntersectRay_SSE.inl">
      <Filter>Libraries\MathGeoLib</Filter>
    </None>
    <None Include="Dependencies\MathGeoLib\include\Geometry\TriangleMesh_IntersectRay_AVX.inl">
      <Filter>Libraries\MathGeoLib</Filter>
    </None>
    <None Include="Dependencies\MathGeoLib\include\Geometry\TriangleMesh_IntersectRay_CPP.inl">
      <Filter>Libraries\MathGeoLib</Filter>
    </None>
    <None Include="Dependencies\MathGeoLib\include\Geometry\QuadTree.inl">
      <Filter>Libraries\MathGeoLib</Filter>
    </None>
    <None Include="Dependencies\MathGeoLib\include\Math\Matrix.inl">
      <Filter>Libraries\MathGeoLib</Filter>
    </None>
    <None Include="Dependencies\MathGeoLib\include\Geometry\KDTree.inl">
      <Filter>Libraries\MathGeoLib</Filter>
    </None>
  </ItemGroup>
</Project>